
Microsoft Visual Studio Solution File, Format Version 12.00
# Visual Studio Version 16
VisualStudioVersion = 25.0.1704.0
MinimumVisualStudioVersion = 10.0.40219.1
Project("{FAE04EC0-301F-11D3-BF4B-00C04F79EFBC}") = "pr7", "pr7\pr7.csproj", "{6B088186-A761-48CD-B62A-793AC4CA2C29}"
EndProject
Global
	GlobalSection(SolutionConfigurationPlatforms) = preSolution
		Debug|Any CPU = Debug|Any CPU
		Release|Any CPU = Release|Any CPU
	EndGlobalSection
	GlobalSection(ProjectConfigurationPlatforms) = postSolution
		{6B088186-A761-48CD-B62A-793AC4CA2C29}.Debug|Any CPU.ActiveCfg = Debug|Any CPU
		{6B088186-A761-48CD-B62A-793AC4CA2C29}.Debug|Any CPU.Build.0 = Debug|Any CPU
		{6B088186-A761-48CD-B62A-793AC4CA2C29}.Release|Any CPU.ActiveCfg = Release|Any CPU
		{6B088186-A761-48CD-B62A-793AC4CA2C29}.Release|Any CPU.Build.0 = Release|Any CPU
	EndGlobalSection
	GlobalSection(SolutionProperties) = preSolution
		HideSolutionNode = FALSE
	EndGlobalSection
	GlobalSection(ExtensibilityGlobals) = postSolution
		SolutionGuid = {85038AF2-5BCE-40C8-84DB-8756706A0CDF}
	EndGlobalSection
EndGlobal
