
Microsoft Visual Studio Solution File, Format Version 12.00
# Visual Studio Version 16
VisualStudioVersion = 25.0.1703.3
MinimumVisualStudioVersion = 10.0.40219.1
Project("{FAE04EC0-301F-11D3-BF4B-00C04F79EFBC}") = "Prog", "Prog\Prog.csproj", "{AD5D2F6D-E8CC-4F4F-B87C-F6EA682CFBC5}"
EndProject
Global
	GlobalSection(SolutionConfigurationPlatforms) = preSolution
		Debug|Any CPU = Debug|Any CPU
		Release|Any CPU = Release|Any CPU
	EndGlobalSection
	GlobalSection(ProjectConfigurationPlatforms) = postSolution
		{AD5D2F6D-E8CC-4F4F-B87C-F6EA682CFBC5}.Debug|Any CPU.ActiveCfg = Debug|Any CPU
		{AD5D2F6D-E8CC-4F4F-B87C-F6EA682CFBC5}.Debug|Any CPU.Build.0 = Debug|Any CPU
		{AD5D2F6D-E8CC-4F4F-B87C-F6EA682CFBC5}.Release|Any CPU.ActiveCfg = Release|Any CPU
		{AD5D2F6D-E8CC-4F4F-B87C-F6EA682CFBC5}.Release|Any CPU.Build.0 = Release|Any CPU
	EndGlobalSection
	GlobalSection(SolutionProperties) = preSolution
		HideSolutionNode = FALSE
	EndGlobalSection
	GlobalSection(ExtensibilityGlobals) = postSolution
		SolutionGuid = {4D28FF6F-C885-4EEF-BCB3-D59C0149EBFB}
	EndGlobalSection
EndGlobal
